PODS:
  - Bolts (1.8.4):
    - Bolts/AppLinks (= 1.8.4)
    - Bolts/Tasks (= 1.8.4)
  - Bolts/AppLinks (1.8.4):
    - Bolts/Tasks
  - Bolts/Tasks (1.8.4)
  - FBSDKCoreKit (4.27.1):
    - Bolts (~> 1.7)
  - FBSDKLoginKit (4.27.1):
    - FBSDKCoreKit
  - FBSDKShareKit (4.27.1):
    - FBSDKCoreKit
  - MBProgressHUD (1.0.0)
  - NewRelicAgent (5.12.3)

DEPENDENCIES:
  - FBSDKCoreKit
  - FBSDKLoginKit
  - FBSDKShareKit
  - MBProgressHUD
  - NewRelicAgent (= 5.12.3)

SPEC CHECKSUMS:
  Bolts: 8a7995239dbe724f9cba2248b766d48b7ebdd322
  FBSDKCoreKit: 03365dad5d790249196ffad8be4f6d8a2d98f932
  FBSDKLoginKit: 66ff53b73cffd967ab773e32fac39e90a60e6d46
  FBSDKShareKit: 6a6a0ef9e850c741e4e1d7a7d21335205e997ec1
  MBProgressHUD: 4890f671c94e8a0f3cf959aa731e9de2f036d71a
  NewRelicAgent: 4909e94cd5300f15676d4f185783e98bf6f7e65c

PODFILE CHECKSUM: 92e334905e9c008be6c53fc7375983fa010e8c05

COCOAPODS: 1.3.1
